// !$*UTF8*$!
{
	archiveVersion = 1;
	classes = {
	};
	objectVersion = 46;
	objects = {

/* Begin PBXBuildFile section */
		1918385E1F4AF24C00C0CD77 /* NoteCell.swift in Sources */ = {isa = PBXBuildFile; fileRef = 1918385D1F4AF24C00C0CD77 /* NoteCell.swift */; };
		191838611F4B003900C0CD77 /* HomeController.swift in Sources */ = {isa = PBXBuildFile; fileRef = 191838601F4B003900C0CD77 /* HomeController.swift */; };
		19316C7B1F4B13BC00C8FD4F /* NotesContainer.swift in Sources */ = {isa = PBXBuildFile; fileRef = 19316C7A1F4B13BC00C8FD4F /* NotesContainer.swift */; };
		19316C801F4B32D500C8FD4F /* Note.swift in Sources */ = {isa = PBXBuildFile; fileRef = 19316C7F1F4B32D500C8FD4F /* Note.swift */; };
		196790D41F4ADD70003BACC5 /* AppDelegate.swift in Sources */ = {isa = PBXBuildFile; fileRef = 196790D31F4ADD70003BACC5 /* AppDelegate.swift */; };
		196790D91F4ADD70003BACC5 /* Main.storyboard in Resources */ = {isa = PBXBuildFile; fileRef = 196790D71F4ADD70003BACC5 /* Main.storyboard */; };
		196790DB1F4ADD70003BACC5 /* Assets.xcassets in Resources */ = {isa = PBXBuildFile; fileRef = 196790DA1F4ADD70003BACC5 /* Assets.xcassets */; };
		196790DE1F4ADD70003BACC5 /* LaunchScreen.storyboard in Resources */ = {isa = PBXBuildFile; fileRef = 196790DC1F4ADD70003BACC5 /* LaunchScreen.storyboard */; };
		196790E91F4ADD71003BACC5 /* Realm_NotesTests.swift in Sources */ = {isa = PBXBuildFile; fileRef = 196790E81F4ADD71003BACC5 /* Realm_NotesTests.swift */; };
		196790F41F4ADD71003BACC5 /* Realm_NotesUITests.swift in Sources */ = {isa = PBXBuildFile; fileRef = 196790F31F4ADD71003BACC5 /* Realm_NotesUITests.swift */; };
		19AA9E571F4C5443008753E1 /* AddNoteController.swift in Sources */ = {isa = PBXBuildFile; fileRef = 19AA9E561F4C5443008753E1 /* AddNoteController.swift */; };
		19AA9E5A1F4C5B43008753E1 /* placeHolder.jpg in Resources */ = {isa = PBXBuildFile; fileRef = 19AA9E591F4C5B43008753E1 /* placeHolder.jpg */; };
		5AB7EA33C292ECC036E94583 /* Pods_Realm_NotesUITests.framework in Frameworks */ = {isa = PBXBuildFile; fileRef = A335607A67DA12DE1EE1704F /* Pods_Realm_NotesUITests.framework */; };
		7CF07EF685157A82B5593426 /* Pods_Realm_NotesTests.framework in Frameworks */ = {isa = PBXBuildFile; fileRef = 6F8EA12516DF7323A6D24F06 /* Pods_Realm_NotesTests.framework */; };
		A6821FCE0F1CF0E3E0AC094D /* Pods_Realm_Notes.framework in Frameworks */ = {isa = PBXBuildFile; fileRef = DBB1FA2383FAFE953D0E07CE /* Pods_Realm_Notes.framework */; };
/* End PBXBuildFile section */

/* Begin PBXContainerItemProxy section */
		196790E51F4ADD71003BACC5 /* PBXContainerItemProxy */ = {
			isa = PBXContainerItemProxy;
			containerPortal = 196790C81F4ADD70003BACC5 /* Project object */;
			proxyType = 1;
			remoteGlobalIDString = 196790CF1F4ADD70003BACC5;
			remoteInfo = "Realm Notes";
		};
		196790F01F4ADD71003BACC5 /* PBXContainerItemProxy */ = {
			isa = PBXContainerItemProxy;
			containerPortal = 196790C81F4ADD70003BACC5 /* Project object */;
			proxyType = 1;
			remoteGlobalIDString = 196790CF1F4ADD70003BACC5;
			remoteInfo = "Realm Notes";
		};
/* End PBXContainerItemProxy section */

/* Begin PBXFileReference section */
		1918385D1F4AF24C00C0CD77 /* NoteCell.swift */ = {isa = PBXFileReference; fileEncoding = 4; lastKnownFileType = sourcecode.swift; path = NoteCell.swift; sourceTree = "<group>"; };
		191838601F4B003900C0CD77 /* HomeController.swift */ = {isa = PBXFileReference; fileEncoding = 4; lastKnownFileType = sourcecode.swift; path = HomeController.swift; sourceTree = "<group>"; };
		19316C7A1F4B13BC00C8FD4F /* NotesContainer.swift */ = {isa = PBXFileReference; fileEncoding = 4; lastKnownFileType = sourcecode.swift; path = NotesContainer.swift; sourceTree = "<group>"; };
		19316C7F1F4B32D500C8FD4F /* Note.swift */ = {isa = PBXFileReference; fileEncoding = 4; lastKnownFileType = sourcecode.swift; path = Note.swift; sourceTree = "<group>"; };
		196790D01F4ADD70003BACC5 /* Realm Notes.app */ = {isa = PBXFileReference; explicitFileType = wrapper.application; includeInIndex = 0; path = "Realm Notes.app"; sourceTree = BUILT_PRODUCTS_DIR; };
		196790D31F4ADD70003BACC5 /* AppDelegate.swift */ = {isa = PBXFileReference; lastKnownFileType = sourcecode.swift; path = AppDelegate.swift; sourceTree = "<group>"; };
		196790D81F4ADD70003BACC5 /* Base */ = {isa = PBXFileReference; lastKnownFileType = file.storyboard; name = Base; path = Base.lproj/Main.storyboard; sourceTree = "<group>"; };
		196790DA1F4ADD70003BACC5 /* Assets.xcassets */ = {isa = PBXFileReference; lastKnownFileType = folder.assetcatalog; path = Assets.xcassets; sourceTree = "<group>"; };
		196790DD1F4ADD70003BACC5 /* Base */ = {isa = PBXFileReference; lastKnownFileType = file.storyboard; name = Base; path = Base.lproj/LaunchScreen.storyboard; sourceTree = "<group>"; };
		196790DF1F4ADD70003BACC5 /* Info.plist */ = {isa = PBXFileReference; lastKnownFileType = text.plist.xml; path = Info.plist; sourceTree = "<group>"; };
		196790E41F4ADD71003BACC5 /* Realm NotesTests.xctest */ = {isa = PBXFileReference; explicitFileType = wrapper.cfbundle; includeInIndex = 0; path = "Realm NotesTests.xctest"; sourceTree = BUILT_PRODUCTS_DIR; };
		196790E81F4ADD71003BACC5 /* Realm_NotesTests.swift */ = {isa = PBXFileReference; lastKnownFileType = sourcecode.swift; path = Realm_NotesTests.swift; sourceTree = "<group>"; };
		196790EA1F4ADD71003BACC5 /* Info.plist */ = {isa = PBXFileReference; lastKnownFileType = text.plist.xml; path = Info.plist; sourceTree = "<group>"; };
		196790EF1F4ADD71003BACC5 /* Realm NotesUITests.xctest */ = {isa = PBXFileReference; explicitFileType = wrapper.cfbundle; includeInIndex = 0; path = "Realm NotesUITests.xctest"; sourceTree = BUILT_PRODUCTS_DIR; };
		196790F31F4ADD71003BACC5 /* Realm_NotesUITests.swift */ = {isa = PBXFileReference; lastKnownFileType = sourcecode.swift; path = Realm_NotesUITests.swift; sourceTree = "<group>"; };
		196790F51F4ADD71003BACC5 /* Info.plist */ = {isa = PBXFileReference; lastKnownFileType = text.plist.xml; path = Info.plist; sourceTree = "<group>"; };
		19AA9E561F4C5443008753E1 /* AddNoteController.swift */ = {isa = PBXFileReference; fileEncoding = 4; lastKnownFileType = sourcecode.swift; path = AddNoteController.swift; sourceTree = "<group>"; };
		19AA9E591F4C5B43008753E1 /* placeHolder.jpg */ = {isa = PBXFileReference; lastKnownFileType = image.jpeg; path = placeHolder.jpg; sourceTree = "<group>"; };
		426D69F7D53EAD5E17B2C3C2 /* Pods-Realm Notes.release.xcconfig */ = {isa = PBXFileReference; includeInIndex = 1; lastKnownFileType = text.xcconfig; name = "Pods-Realm Notes.release.xcconfig"; path = "Pods/Target Support Files/Pods-Realm Notes/Pods-Realm Notes.release.xcconfig"; sourceTree = "<group>"; };
		6F8EA12516DF7323A6D24F06 /* Pods_Realm_NotesTests.framework */ = {isa = PBXFileReference; explicitFileType = wrapper.framework; includeInIndex = 0; path = Pods_Realm_NotesTests.framework; sourceTree = BUILT_PRODUCTS_DIR; };
		778173627FEDE8166C1A16C6 /* Pods-Realm NotesTests.debug.xcconfig */ = {isa = PBXFileReference; includeInIndex = 1; lastKnownFileType = text.xcconfig; name = "Pods-Realm NotesTests.debug.xcconfig"; path = "Pods/Target Support Files/Pods-Realm NotesTests/Pods-Realm NotesTests.debug.xcconfig"; sourceTree = "<group>"; };
		7C2BA311DFB71C269CA01584 /* Pods-Realm NotesUITests.release.xcconfig */ = {isa = PBXFileReference; includeInIndex = 1; lastKnownFileType = text.xcconfig; name = "Pods-Realm NotesUITests.release.xcconfig"; path = "Pods/Target Support Files/Pods-Realm NotesUITests/Pods-Realm NotesUITests.release.xcconfig"; sourceTree = "<group>"; };
		9D344E92E874EC143535358E /* Pods-Realm NotesUITests.debug.xcconfig */ = {isa = PBXFileReference; includeInIndex = 1; lastKnownFileType = text.xcconfig; name = "Pods-Realm NotesUITests.debug.xcconfig"; path = "Pods/Target Support Files/Pods-Realm NotesUITests/Pods-Realm NotesUITests.debug.xcconfig"; sourceTree = "<group>"; };
		A335607A67DA12DE1EE1704F /* Pods_Realm_NotesUITests.framework */ = {isa = PBXFileReference; explicitFileType = wrapper.framework; includeInIndex = 0; path = Pods_Realm_NotesUITests.framework; sourceTree = BUILT_PRODUCTS_DIR; };
		A62DB06EEF889BD7F5EEFE71 /* Pods-Realm NotesTests.release.xcconfig */ = {isa = PBXFileReference; includeInIndex = 1; lastKnownFileType = text.xcconfig; name = "Pods-Realm NotesTests.release.xcconfig"; path = "Pods/Target Support Files/Pods-Realm NotesTests/Pods-Realm NotesTests.release.xcconfig"; sourceTree = "<group>"; };
		C5A34C375F150C2F14B831E8 /* Pods-Realm Notes.debug.xcconfig */ = {isa = PBXFileReference; includeInIndex = 1; lastKnownFileType = text.xcconfig; name = "Pods-Realm Notes.debug.xcconfig"; path = "Pods/Target Support Files/Pods-Realm Notes/Pods-Realm Notes.debug.xcconfig"; sourceTree = "<group>"; };
		DBB1FA2383FAFE953D0E07CE /* Pods_Realm_Notes.framework */ = {isa = PBXFileReference; explicitFileType = wrapper.framework; includeInIndex = 0; path = Pods_Realm_Notes.framework; sourceTree = BUILT_PRODUCTS_DIR; };
/* End PBXFileReference section */

/* Begin PBXFrameworksBuildPhase section */
		196790CD1F4ADD70003BACC5 /* Frameworks */ = {
			isa = PBXFrameworksBuildPhase;
			buildActionMask = 2147483647;
			files = (
				A6821FCE0F1CF0E3E0AC094D /* Pods_Realm_Notes.framework in Frameworks */,
			);
			runOnlyForDeploymentPostprocessing = 0;
		};
		196790E11F4ADD71003BACC5 /* Frameworks */ = {
			isa = PBXFrameworksBuildPhase;
			buildActionMask = 2147483647;
			files = (
				7CF07EF685157A82B5593426 /* Pods_Realm_NotesTests.framework in Frameworks */,
			);
			runOnlyForDeploymentPostprocessing = 0;
		};
		196790EC1F4ADD71003BACC5 /* Frameworks */ = {
			isa = PBXFrameworksBuildPhase;
			buildActionMask = 2147483647;
			files = (
				5AB7EA33C292ECC036E94583 /* Pods_Realm_NotesUITests.framework in Frameworks */,
			);
			runOnlyForDeploymentPostprocessing = 0;
		};
/* End PBXFrameworksBuildPhase section */

/* Begin PBXGroup section */
		1590D3994A640C224FC98F27 /* Pods */ = {
			isa = PBXGroup;
			children = (
				C5A34C375F150C2F14B831E8 /* Pods-Realm Notes.debug.xcconfig */,
				426D69F7D53EAD5E17B2C3C2 /* Pods-Realm Notes.release.xcconfig */,
				778173627FEDE8166C1A16C6 /* Pods-Realm NotesTests.debug.xcconfig */,
				A62DB06EEF889BD7F5EEFE71 /* Pods-Realm NotesTests.release.xcconfig */,
				9D344E92E874EC143535358E /* Pods-Realm NotesUITests.debug.xcconfig */,
				7C2BA311DFB71C269CA01584 /* Pods-Realm NotesUITests.release.xcconfig */,
			);
			name = Pods;
			sourceTree = "<group>";
		};
		1918385C1F4AF1DB00C0CD77 /* Views */ = {
			isa = PBXGroup;
			children = (
				1918385D1F4AF24C00C0CD77 /* NoteCell.swift */,
				19316C7A1F4B13BC00C8FD4F /* NotesContainer.swift */,
			);
			name = Views;
			sourceTree = "<group>";
		};
		1918385F1F4B001F00C0CD77 /* Controllers */ = {
			isa = PBXGroup;
			children = (
				191838601F4B003900C0CD77 /* HomeController.swift */,
				19AA9E561F4C5443008753E1 /* AddNoteController.swift */,
			);
			name = Controllers;
			sourceTree = "<group>";
		};
		19316C7C1F4B326500C8FD4F /* Model */ = {
			isa = PBXGroup;
			children = (
				19316C7F1F4B32D500C8FD4F /* Note.swift */,
			);
			name = Model;
			sourceTree = "<group>";
		};
		196790C71F4ADD70003BACC5 = {
			isa = PBXGroup;
			children = (
				196790D21F4ADD70003BACC5 /* Realm Notes */,
				196790E71F4ADD71003BACC5 /* Realm NotesTests */,
				196790F21F4ADD71003BACC5 /* Realm NotesUITests */,
				196790D11F4ADD70003BACC5 /* Products */,
				1590D3994A640C224FC98F27 /* Pods */,
				880289127DDFB600C961D1DF /* Frameworks */,
			);
			sourceTree = "<group>";
		};
		196790D11F4ADD70003BACC5 /* Products */ = {
			isa = PBXGroup;
			children = (
				196790D01F4ADD70003BACC5 /* Realm Notes.app */,
				196790E41F4ADD71003BACC5 /* Realm NotesTests.xctest */,
				196790EF1F4ADD71003BACC5 /* Realm NotesUITests.xctest */,
			);
			name = Products;
			sourceTree = "<group>";
		};
		196790D21F4ADD70003BACC5 /* Realm Notes */ = {
			isa = PBXGroup;
			children = (
				19AA9E581F4C5B38008753E1 /* Images */,
				19316C7C1F4B326500C8FD4F /* Model */,
				1918385F1F4B001F00C0CD77 /* Controllers */,
				1918385C1F4AF1DB00C0CD77 /* Views */,
				196790D31F4ADD70003BACC5 /* AppDelegate.swift */,
				196790D71F4ADD70003BACC5 /* Main.storyboard */,
				196790DA1F4ADD70003BACC5 /* Assets.xcassets */,
				196790DC1F4ADD70003BACC5 /* LaunchScreen.storyboard */,
				196790DF1F4ADD70003BACC5 /* Info.plist */,
			);
			path = "Realm Notes";
			sourceTree = "<group>";
		};
		196790E71F4ADD71003BACC5 /* Realm NotesTests */ = {
			isa = PBXGroup;
			children = (
				196790E81F4ADD71003BACC5 /* Realm_NotesTests.swift */,
				196790EA1F4ADD71003BACC5 /* Info.plist */,
			);
			path = "Realm NotesTests";
			sourceTree = "<group>";
		};
		196790F21F4ADD71003BACC5 /* Realm NotesUITests */ = {
			isa = PBXGroup;
			children = (
				196790F31F4ADD71003BACC5 /* Realm_NotesUITests.swift */,
				196790F51F4ADD71003BACC5 /* Info.plist */,
			);
			path = "Realm NotesUITests";
			sourceTree = "<group>";
		};
		19AA9E581F4C5B38008753E1 /* Images */ = {
			isa = PBXGroup;
			children = (
				19AA9E591F4C5B43008753E1 /* placeHolder.jpg */,
			);
			name = Images;
			sourceTree = "<group>";
		};
		880289127DDFB600C961D1DF /* Frameworks */ = {
			isa = PBXGroup;
			children = (
				DBB1FA2383FAFE953D0E07CE /* Pods_Realm_Notes.framework */,
				6F8EA12516DF7323A6D24F06 /* Pods_Realm_NotesTests.framework */,
				A335607A67DA12DE1EE1704F /* Pods_Realm_NotesUITests.framework */,
			);
			name = Frameworks;
			sourceTree = "<group>";
		};
/* End PBXGroup section */

/* Begin PBXNativeTarget section */
		196790CF1F4ADD70003BACC5 /* Realm Notes */ = {
			isa = PBXNativeTarget;
			buildConfigurationList = 196790F81F4ADD71003BACC5 /* Build configuration list for PBXNativeTarget "Realm Notes" */;
			buildPhases = (
				B0F1FD9605AE156F4F91C163 /* [CP] Check Pods Manifest.lock */,
				196790CC1F4ADD70003BACC5 /* Sources */,
				196790CD1F4ADD70003BACC5 /* Frameworks */,
				196790CE1F4ADD70003BACC5 /* Resources */,
				F26D89D25CE571C2E8CE3D92 /* [CP] Embed Pods Frameworks */,
				335FBDFA003308D37683195C /* [CP] Copy Pods Resources */,
			);
			buildRules = (
			);
			dependencies = (
			);
			name = "Realm Notes";
			productName = "Realm Notes";
			productReference = 196790D01F4ADD70003BACC5 /* Realm Notes.app */;
			productType = "com.apple.product-type.application";
		};
		196790E31F4ADD71003BACC5 /* Realm NotesTests */ = {
			isa = PBXNativeTarget;
			buildConfigurationList = 196790FB1F4ADD71003BACC5 /* Build configuration list for PBXNativeTarget "Realm NotesTests" */;
			buildPhases = (
				3E4D53B5A88CEC7D6BB3B12F /* [CP] Check Pods Manifest.lock */,
				196790E01F4ADD71003BACC5 /* Sources */,
				196790E11F4ADD71003BACC5 /* Frameworks */,
				196790E21F4ADD71003BACC5 /* Resources */,
				4E496A027502BEF5657E889F /* [CP] Embed Pods Frameworks */,
				9FAA50320AC585D649818FA0 /* [CP] Copy Pods Resources */,
			);
			buildRules = (
			);
			dependencies = (
				196790E61F4ADD71003BACC5 /* PBXTargetDependency */,
			);
			name = "Realm NotesTests";
			productName = "Realm NotesTests";
			productReference = 196790E41F4ADD71003BACC5 /* Realm NotesTests.xctest */;
			productType = "com.apple.product-type.bundle.unit-test";
		};
		196790EE1F4ADD71003BACC5 /* Realm NotesUITests */ = {
			isa = PBXNativeTarget;
			buildConfigurationList = 196790FE1F4ADD71003BACC5 /* Build configuration list for PBXNativeTarget "Realm NotesUITests" */;
			buildPhases = (
				3FCEDC263FBEB47D64434D03 /* [CP] Check Pods Manifest.lock */,
				196790EB1F4ADD71003BACC5 /* Sources */,
				196790EC1F4ADD71003BACC5 /* Frameworks */,
				196790ED1F4ADD71003BACC5 /* Resources */,
				A0E4822460E97B58B723541C /* [CP] Embed Pods Frameworks */,
				FCAAD726E6449B10D2ADF7F9 /* [CP] Copy Pods Resources */,
			);
			buildRules = (
			);
			dependencies = (
				196790F11F4ADD71003BACC5 /* PBXTargetDependency */,
			);
			name = "Realm NotesUITests";
			productName = "Realm NotesUITests";
			productReference = 196790EF1F4ADD71003BACC5 /* Realm NotesUITests.xctest */;
			productType = "com.apple.product-type.bundle.ui-testing";
		};
/* End PBXNativeTarget section */

/* Begin PBXProject section */
		196790C81F4ADD70003BACC5 /* Project object */ = {
			isa = PBXProject;
			attributes = {
				LastSwiftUpdateCheck = 0830;
				LastUpgradeCheck = 0830;
				ORGANIZATIONNAME = Swathy;
				TargetAttributes = {
					196790CF1F4ADD70003BACC5 = {
						CreatedOnToolsVersion = 8.3;
						DevelopmentTeam = Q7NG7S89JF;
						ProvisioningStyle = Automatic;
					};
					196790E31F4ADD71003BACC5 = {
						CreatedOnToolsVersion = 8.3;
						DevelopmentTeam = Q7NG7S89JF;
						ProvisioningStyle = Automatic;
						TestTargetID = 196790CF1F4ADD70003BACC5;
					};
					196790EE1F4ADD71003BACC5 = {
						CreatedOnToolsVersion = 8.3;
						DevelopmentTeam = Q7NG7S89JF;
						ProvisioningStyle = Automatic;
						TestTargetID = 196790CF1F4ADD70003BACC5;
					};
				};
			};
			buildConfigurationList = 196790CB1F4ADD70003BACC5 /* Build configuration list for PBXProject "Realm Notes" */;
			compatibilityVersion = "Xcode 3.2";
			developmentRegion = English;
			hasScannedForEncodings = 0;
			knownRegions = (
				en,
				Base,
			);
			mainGroup = 196790C71F4ADD70003BACC5;
			productRefGroup = 196790D11F4ADD70003BACC5 /* Products */;
			projectDirPath = "";
			projectRoot = "";
			targets = (
				196790CF1F4ADD70003BACC5 /* Realm Notes */,
				196790E31F4ADD71003BACC5 /* Realm NotesTests */,
				196790EE1F4ADD71003BACC5 /* Realm NotesUITests */,
			);
		};
/* End PBXProject section */

/* Begin PBXResourcesBuildPhase section */
		196790CE1F4ADD70003BACC5 /* Resources */ = {
			isa = PBXResourcesBuildPhase;
			buildActionMask = 2147483647;
			files = (
				196790DE1F4ADD70003BACC5 /* LaunchScreen.storyboard in Resources */,
				196790DB1F4ADD70003BACC5 /* Assets.xcassets in Resources */,
				196790D91F4ADD70003BACC5 /* Main.storyboard in Resources */,
				19AA9E5A1F4C5B43008753E1 /* placeHolder.jpg in Resources */,
			);
			runOnlyForDeploymentPostprocessing = 0;
		};
		196790E21F4ADD71003BACC5 /* Resources */ = {
			isa = PBXResourcesBuildPhase;
			buildActionMask = 2147483647;
			files = (
			);
			runOnlyForDeploymentPostprocessing = 0;
		};
		196790ED1F4ADD71003BACC5 /* Resources */ = {
			isa = PBXResourcesBuildPhase;
			buildActionMask = 2147483647;
			files = (
			);
			runOnlyForDeploymentPostprocessing = 0;
		};
/* End PBXResourcesBuildPhase section */

/* Begin PBXShellScriptBuildPhase section */
		335FBDFA003308D37683195C /* [CP] Copy Pods Resources */ = {
			isa = PBXShellScriptBuildPhase;
			buildActionMask = 2147483647;
			files = (
			);
			inputPaths = (
			);
			name = "[CP] Copy Pods Resources";
			outputPaths = (
			);
			runOnlyForDeploymentPostprocessing = 0;
			shellPath = /bin/sh;
			shellScript = "\"${SRCROOT}/Pods/Target Support Files/Pods-Realm Notes/Pods-Realm Notes-resources.sh\"\n";
			showEnvVarsInLog = 0;
		};
		3E4D53B5A88CEC7D6BB3B12F /* [CP] Check Pods Manifest.lock */ = {
			isa = PBXShellScriptBuildPhase;
			buildActionMask = 2147483647;
			files = (
			);
			inputPaths = (
			);
			name = "[CP] Check Pods Manifest.lock";
			outputPaths = (
			);
			runOnlyForDeploymentPostprocessing = 0;
			shellPath = /bin/sh;
			shellScript = "diff \"${PODS_PODFILE_DIR_PATH}/Podfile.lock\" \"${PODS_ROOT}/Manifest.lock\" > /dev/null\nif [ $? != 0 ] ; then\n    # print error to STDERR\n    echo \"error: The sandbox is not in sync with the Podfile.lock. Run 'pod install' or update your CocoaPods installation.\" >&2\n    exit 1\nfi\n";
			showEnvVarsInLog = 0;
		};
		3FCEDC263FBEB47D64434D03 /* [CP] Check Pods Manifest.lock */ = {
			isa = PBXShellScriptBuildPhase;
			buildActionMask = 2147483647;
			files = (
			);
			inputPaths = (
			);
			name = "[CP] Check Pods Manifest.lock";
			outputPaths = (
			);
			runOnlyForDeploymentPostprocessing = 0;
			shellPath = /bin/sh;
			shellScript = "diff \"${PODS_PODFILE_DIR_PATH}/Podfile.lock\" \"${PODS_ROOT}/Manifest.lock\" > /dev/null\nif [ $? != 0 ] ; then\n    # print error to STDERR\n    echo \"error: The sandbox is not in sync with the Podfile.lock. Run 'pod install' or update your CocoaPods installation.\" >&2\n    exit 1\nfi\n";
			showEnvVarsInLog = 0;
		};
		4E496A027502BEF5657E889F /* [CP] Embed Pods Frameworks */ = {
			isa = PBXShellScriptBuildPhase;
			buildActionMask = 2147483647;
			files = (
			);
			inputPaths = (
			);
			name = "[CP] Embed Pods Frameworks";
			outputPaths = (
			);
			runOnlyForDeploymentPostprocessing = 0;
			shellPath = /bin/sh;
			shellScript = "\"${SRCROOT}/Pods/Target Support Files/Pods-Realm NotesTests/Pods-Realm NotesTests-frameworks.sh\"\n";
			showEnvVarsInLog = 0;
		};
		9FAA50320AC585D649818FA0 /* [CP] Copy Pods Resources */ = {
			isa = PBXShellScriptBuildPhase;
			buildActionMask = 2147483647;
			files = (
			);
			inputPaths = (
			);
			name = "[CP] Copy Pods Resources";
			outputPaths = (
			);
			runOnlyForDeploymentPostprocessing = 0;
			shellPath = /bin/sh;
			shellScript = "\"${SRCROOT}/Pods/Target Support Files/Pods-Realm NotesTests/Pods-Realm NotesTests-resources.sh\"\n";
			showEnvVarsInLog = 0;
		};
		A0E4822460E97B58B723541C /* [CP] Embed Pods Frameworks */ = {
			isa = PBXShellScriptBuildPhase;
			buildActionMask = 2147483647;
			files = (
			);
			inputPaths = (
			);
			name = "[CP] Embed Pods Frameworks";
			outputPaths = (
			);
			runOnlyForDeploymentPostprocessing = 0;
			shellPath = /bin/sh;
			shellScript = "\"${SRCROOT}/Pods/Target Support Files/Pods-Realm NotesUITests/Pods-Realm NotesUITests-frameworks.sh\"\n";
			showEnvVarsInLog = 0;
		};
		B0F1FD9605AE156F4F91C163 /* [CP] Check Pods Manifest.lock */ = {
			isa = PBXShellScriptBuildPhase;
			buildActionMask = 2147483647;
			files = (
			);
			inputPaths = (
			);
			name = "[CP] Check Pods Manifest.lock";
			outputPaths = (
			);
			runOnlyForDeploymentPostprocessing = 0;
			shellPath = /bin/sh;
			shellScript = "diff \"${PODS_PODFILE_DIR_PATH}/Podfile.lock\" \"${PODS_ROOT}/Manifest.lock\" > /dev/null\nif [ $? != 0 ] ; then\n    # print error to STDERR\n    echo \"error: The sandbox is not in sync with the Podfile.lock. Run 'pod install' or update your CocoaPods installation.\" >&2\n    exit 1\nfi\n";
			showEnvVarsInLog = 0;
		};
		F26D89D25CE571C2E8CE3D92 /* [CP] Embed Pods Frameworks */ = {
			isa = PBXShellScriptBuildPhase;
			buildActionMask = 2147483647;
			files = (
			);
			inputPaths = (
			);
			name = "[CP] Embed Pods Frameworks";
			outputPaths = (
			);
			runOnlyForDeploymentPostprocessing = 0;
			shellPath = /bin/sh;
			shellScript = "\"${SRCROOT}/Pods/Target Support Files/Pods-Realm Notes/Pods-Realm Notes-frameworks.sh\"\n";
			showEnvVarsInLog = 0;
		};
		FCAAD726E6449B10D2ADF7F9 /* [CP] Copy Pods Resources */ = {
			isa = PBXShellScriptBuildPhase;
			buildActionMask = 2147483647;
			files = (
			);
			inputPaths = (
			);
			name = "[CP] Copy Pods Resources";
			outputPaths = (
			);
			runOnlyForDeploymentPostprocessing = 0;
			shellPath = /bin/sh;
			shellScript = "\"${SRCROOT}/Pods/Target Support Files/Pods-Realm NotesUITests/Pods-Realm NotesUITests-resources.sh\"\n";
			showEnvVarsInLog = 0;
		};
/* End PBXShellScriptBuildPhase section */

/* Begin PBXSourcesBuildPhase section */
		196790CC1F4ADD70003BACC5 /* Sources */ = {
			isa = PBXSourcesBuildPhase;
			buildActionMask = 2147483647;
			files = (
				19316C801F4B32D500C8FD4F /* Note.swift in Sources */,
				1918385E1F4AF24C00C0CD77 /* NoteCell.swift in Sources */,
				196790D41F4ADD70003BACC5 /* AppDelegate.swift in Sources */,
				191838611F4B003900C0CD77 /* HomeController.swift in Sources */,
				19316C7B1F4B13BC00C8FD4F /* NotesContainer.swift in Sources */,
				19AA9E571F4C5443008753E1 /* AddNoteController.swift in Sources */,
			);
			runOnlyForDeploymentPostprocessing = 0;
		};
		196790E01F4ADD71003BACC5 /* Sources */ = {
			isa = PBXSourcesBuildPhase;
			buildActionMask = 2147483647;
			files = (
				196790E91F4ADD71003BACC5 /* Realm_NotesTests.swift in Sources */,
			);
			runOnlyForDeploymentPostprocessing = 0;
		};
		196790EB1F4ADD71003BACC5 /* Sources */ = {
			isa = PBXSourcesBuildPhase;
			buildActionMask = 2147483647;
			files = (
				196790F41F4ADD71003BACC5 /* Realm_NotesUITests.swift in Sources */,
			);
			runOnlyForDeploymentPostprocessing = 0;
		};
/* End PBXSourcesBuildPhase section */

/* Begin PBXTargetDependency section */
		196790E61F4ADD71003BACC5 /* PBXTargetDependency */ = {
			isa = PBXTargetDependency;
			target = 196790CF1F4ADD70003BACC5 /* Realm Notes */;
			targetProxy = 196790E51F4ADD71003BACC5 /* PBXContainerItemProxy */;
		};
		196790F11F4ADD71003BACC5 /* PBXTargetDependency */ = {
			isa = PBXTargetDependency;
			target = 196790CF1F4ADD70003BACC5 /* Realm Notes */;
			targetProxy = 196790F01F4ADD71003BACC5 /* PBXContainerItemProxy */;
		};
/* End PBXTargetDependency section */

/* Begin PBXVariantGroup section */
		196790D71F4ADD70003BACC5 /* Main.storyboard */ = {
			isa = PBXVariantGroup;
			children = (
				196790D81F4ADD70003BACC5 /* Base */,
			);
			name = Main.storyboard;
			sourceTree = "<group>";
		};
		196790DC1F4ADD70003BACC5 /* LaunchScreen.storyboard */ = {
			isa = PBXVariantGroup;
			children = (
				196790DD1F4ADD70003BACC5 /* Base */,
			);
			name = LaunchScreen.storyboard;
			sourceTree = "<group>";
		};
/* End PBXVariantGroup section */

/* Begin XCBuildConfiguration section */
		196790F61F4ADD71003BACC5 /* Debug */ = {
			isa = XCBuildConfiguration;
			buildSettings = {
				ALWAYS_SEARCH_USER_PATHS = NO;
				CLANG_ANALYZER_NONNULL = YES;
				CLANG_ANALYZER_NUMBER_OBJECT_CONVERSION = YES_AGGRESSIVE;
				CLANG_CXX_LANGUAGE_STANDARD = "gnu++0x";
				CLANG_CXX_LIBRARY = "libc++";
				CLANG_ENABLE_MODULES = YES;
				CLANG_ENABLE_OBJC_ARC = YES;
				CLANG_WARN_BOOL_CONVERSION = YES;
				CLANG_WARN_CONSTANT_CONVERSION = YES;
				CLANG_WARN_DIRECT_OBJC_ISA_USAGE = YES_ERROR;
				CLANG_WARN_DOCUMENTATION_COMMENTS = YES;
				CLANG_WARN_EMPTY_BODY = YES;
				CLANG_WARN_ENUM_CONVERSION = YES;
				CLANG_WARN_INFINITE_RECURSION = YES;
				CLANG_WARN_INT_CONVERSION = YES;
				CLANG_WARN_OBJC_ROOT_CLASS = YES_ERROR;
				CLANG_WARN_SUSPICIOUS_MOVE = YES;
				CLANG_WARN_UNREACHABLE_CODE = YES;
				CLANG_WARN__DUPLICATE_METHOD_MATCH = YES;
				"CODE_SIGN_IDENTITY[sdk=iphoneos*]" = "iPhone Developer";
				COPY_PHASE_STRIP = NO;
				DEBUG_INFORMATION_FORMAT = dwarf;
				ENABLE_STRICT_OBJC_MSGSEND = YES;
				ENABLE_TESTABILITY = YES;
				GCC_C_LANGUAGE_STANDARD = gnu99;
				GCC_DYNAMIC_NO_PIC = NO;
				GCC_NO_COMMON_BLOCKS = YES;
				GCC_OPTIMIZATION_LEVEL = 0;
				GCC_PREPROCESSOR_DEFINITIONS = (
					"DEBUG=1",
					"$(inherited)",
				);
				GCC_WARN_64_TO_32_BIT_CONVERSION = YES;
				GCC_WARN_ABOUT_RETURN_TYPE = YES_ERROR;
				GCC_WARN_UNDECLARED_SELECTOR = YES;
				GCC_WARN_UNINITIALIZED_AUTOS = YES_AGGRESSIVE;
				GCC_WARN_UNUSED_FUNCTION = YES;
				GCC_WARN_UNUSED_VARIABLE = YES;
				IPHONEOS_DEPLOYMENT_TARGET = 10.3;
				MTL_ENABLE_DEBUG_INFO = YES;
				ONLY_ACTIVE_ARCH = YES;
				SDKROOT = iphoneos;
				SWIFT_ACTIVE_COMPILATION_CONDITIONS = DEBUG;
				SWIFT_OPTIMIZATION_LEVEL = "-Onone";
				TARGETED_DEVICE_FAMILY = "1,2";
			};
			name = Debug;
		};
		196790F71F4ADD71003BACC5 /* Release */ = {
			isa = XCBuildConfiguration;
			buildSettings = {
				ALWAYS_SEARCH_USER_PATHS = NO;
				CLANG_ANALYZER_NONNULL = YES;
				CLANG_ANALYZER_NUMBER_OBJECT_CONVERSION = YES_AGGRESSIVE;
				CLANG_CXX_LANGUAGE_STANDARD = "gnu++0x";
				CLANG_CXX_LIBRARY = "libc++";
				CLANG_ENABLE_MODULES = YES;
				CLANG_ENABLE_OBJC_ARC = YES;
				CLANG_WARN_BOOL_CONVERSION = YES;
				CLANG_WARN_CONSTANT_CONVERSION = YES;
				CLANG_WARN_DIRECT_OBJC_ISA_USAGE = YES_ERROR;
				CLANG_WARN_DOCUMENTATION_COMMENTS = YES;
				CLANG_WARN_EMPTY_BODY = YES;
				CLANG_WARN_ENUM_CONVERSION = YES;
				CLANG_WARN_INFINITE_RECURSION = YES;
				CLANG_WARN_INT_CONVERSION = YES;
				CLANG_WARN_OBJC_ROOT_CLASS = YES_ERROR;
				CLANG_WARN_SUSPICIOUS_MOVE = YES;
				CLANG_WARN_UNREACHABLE_CODE = YES;
				CLANG_WARN__DUPLICATE_METHOD_MATCH = YES;
				"CODE_SIGN_IDENTITY[sdk=iphoneos*]" = "iPhone Developer";
				COPY_PHASE_STRIP = NO;
				DEBUG_INFORMATION_FORMAT = "dwarf-with-dsym";
				ENABLE_NS_ASSERTIONS = NO;
				ENABLE_STRICT_OBJC_MSGSEND = YES;
				GCC_C_LANGUAGE_STANDARD = gnu99;
				GCC_NO_COMMON_BLOCKS = YES;
				GCC_WARN_64_TO_32_BIT_CONVERSION = YES;
				GCC_WARN_ABOUT_RETURN_TYPE = YES_ERROR;
				GCC_WARN_UNDECLARED_SELECTOR = YES;
				GCC_WARN_UNINITIALIZED_AUTOS = YES_AGGRESSIVE;
				GCC_WARN_UNUSED_FUNCTION = YES;
				GCC_WARN_UNUSED_VARIABLE = YES;
				IPHONEOS_DEPLOYMENT_TARGET = 10.3;
				MTL_ENABLE_DEBUG_INFO = NO;
				SDKROOT = iphoneos;
				SWIFT_OPTIMIZATION_LEVEL = "-Owholemodule";
				TARGETED_DEVICE_FAMILY = "1,2";
				VALIDATE_PRODUCT = YES;
			};
			name = Release;
		};
		196790F91F4ADD71003BACC5 /* Debug */ = {
			isa = XCBuildConfiguration;
			baseConfigurationReference = C5A34C375F150C2F14B831E8 /* Pods-Realm Notes.debug.xcconfig */;
			buildSettings = {
				ASSETCATALOG_COMPILER_APPICON_NAME = AppIcon;
				DEVELOPMENT_TEAM = Q7NG7S89JF;
				INFOPLIST_FILE = "Realm Notes/Info.plist";
				LD_RUNPATH_SEARCH_PATHS = "$(inherited) @executable_path/Frameworks";
				PRODUCT_BUNDLE_IDENTIFIER = "com.bladesilver.Realm-Notes";
				PRODUCT_NAME = "$(TARGET_NAME)";
				SWIFT_VERSION = 3.0;
			};
			name = Debug;
		};
		196790FA1F4ADD71003BACC5 /* Release */ = {
			isa = XCBuildConfiguration;
			baseConfigurationReference = 426D69F7D53EAD5E17B2C3C2 /* Pods-Realm Notes.release.xcconfig */;
			buildSettings = {
				ASSETCATALOG_COMPILER_APPICON_NAME = AppIcon;
				DEVELOPMENT_TEAM = Q7NG7S89JF;
				INFOPLIST_FILE = "Realm Notes/Info.plist";
				LD_RUNPATH_SEARCH_PATHS = "$(inherited) @executable_path/Frameworks";
				PRODUCT_BUNDLE_IDENTIFIER = "com.bladesilver.Realm-Notes";
				PRODUCT_NAME = "$(TARGET_NAME)";
				SWIFT_VERSION = 3.0;
			};
			name = Release;
		};
		196790FC1F4ADD71003BACC5 /* Debug */ = {
			isa = XCBuildConfiguration;
			baseConfigurationReference = 778173627FEDE8166C1A16C6 /* Pods-Realm NotesTests.debug.xcconfig */;
			buildSettings = {
				ALWAYS_EMBED_SWIFT_STANDARD_LIBRARIES = YES;
				BUNDLE_LOADER = "$(TEST_HOST)";
				DEVELOPMENT_TEAM = Q7NG7S89JF;
				INFOPLIST_FILE = "Realm NotesTests/Info.plist";
				LD_RUNPATH_SEARCH_PATHS = "$(inherited) @executable_path/Frameworks @loader_path/Frameworks";
				PRODUCT_BUNDLE_IDENTIFIER = "com.bladesilver.Realm-NotesTests";
				PRODUCT_NAME = "$(TARGET_NAME)";
				SWIFT_VERSION = 3.0;
				TEST_HOST = "$(BUILT_PRODUCTS_DIR)/Realm Notes.app/Realm Notes";
			};
			name = Debug;
		};
		196790FD1F4ADD71003BACC5 /* Release */ = {
			isa = XCBuildConfiguration;
			baseConfigurationReference = A62DB06EEF889BD7F5EEFE71 /* Pods-Realm NotesTests.release.xcconfig */;
			buildSettings = {
				ALWAYS_EMBED_SWIFT_STANDARD_LIBRARIES = YES;
				BUNDLE_LOADER = "$(TEST_HOST)";
				DEVELOPMENT_TEAM = Q7NG7S89JF;
				INFOPLIST_FILE = "Realm NotesTests/Info.plist";
				LD_RUNPATH_SEARCH_PATHS = "$(inherited) @executable_path/Frameworks @loader_path/Frameworks";
				PRODUCT_BUNDLE_IDENTIFIER = "com.bladesilver.Realm-NotesTests";
				PRODUCT_NAME = "$(TARGET_NAME)";
				SWIFT_VERSION = 3.0;
				TEST_HOST = "$(BUILT_PRODUCTS_DIR)/Realm Notes.app/Realm Notes";
			};
			name = Release;
		};
		196790FF1F4ADD71003BACC5 /* Debug */ = {
			isa = XCBuildConfiguration;
			baseConfigurationReference = 9D344E92E874EC143535358E /* Pods-Realm NotesUITests.debug.xcconfig */;
			buildSettings = {
				ALWAYS_EMBED_SWIFT_STANDARD_LIBRARIES = YES;
				DEVELOPMENT_TEAM = Q7NG7S89JF;
				INFOPLIST_FILE = "Realm NotesUITests/Info.plist";
				LD_RUNPATH_SEARCH_PATHS = "$(inherited) @executable_path/Frameworks @loader_path/Frameworks";
				PRODUCT_BUNDLE_IDENTIFIER = "com.bladesilver.Realm-NotesUITests";
				PRODUCT_NAME = "$(TARGET_NAME)";
				SWIFT_VERSION = 3.0;
				TEST_TARGET_NAME = "Realm Notes";
			};
			name = Debug;
		};
		196791001F4ADD71003BACC5 /* Release */ = {
			isa = XCBuildConfiguration;
			baseConfigurationReference = 7C2BA311DFB71C269CA01584 /* Pods-Realm NotesUITests.release.xcconfig */;
			buildSettings = {
				ALWAYS_EMBED_SWIFT_STANDARD_LIBRARIES = YES;
				DEVELOPMENT_TEAM = Q7NG7S89JF;
				INFOPLIST_FILE = "Realm NotesUITests/Info.plist";
				LD_RUNPATH_SEARCH_PATHS = "$(inherited) @executable_path/Frameworks @loader_path/Frameworks";
				PRODUCT_BUNDLE_IDENTIFIER = "com.bladesilver.Realm-NotesUITests";
				PRODUCT_NAME = "$(TARGET_NAME)";
				SWIFT_VERSION = 3.0;
				TEST_TARGET_NAME = "Realm Notes";
			};
			name = Release;
		};
/* End XCBuildConfiguration section */

/* Begin XCConfigurationList section */
		196790CB1F4ADD70003BACC5 /* Build configuration list for PBXProject "Realm Notes" */ = {
			isa = XCConfigurationList;
			buildConfigurations = (
				196790F61F4ADD71003BACC5 /* Debug */,
				196790F71F4ADD71003BACC5 /* Release */,
			);
			defaultConfigurationIsVisible = 0;
			defaultConfigurationName = Release;
		};
		196790F81F4ADD71003BACC5 /* Build configuration list for PBXNativeTarget "Realm Notes" */ = {
			isa = XCConfigurationList;
			buildConfigurations = (
				196790F91F4ADD71003BACC5 /* Debug */,
				196790FA1F4ADD71003BACC5 /* Release */,
			);
			defaultConfigurationIsVisible = 0;
			defaultConfigurationName = Release;
		};
		196790FB1F4ADD71003BACC5 /* Build configuration list for PBXNativeTarget "Realm NotesTests" */ = {
			isa = XCConfigurationList;
			buildConfigurations = (
				196790FC1F4ADD71003BACC5 /* Debug */,
				196790FD1F4ADD71003BACC5 /* Release */,
			);
			defaultConfigurationIsVisible = 0;
			defaultConfigurationName = Release;
		};
		196790FE1F4ADD71003BACC5 /* Build configuration list for PBXNativeTarget "Realm NotesUITests" */ = {
			isa = XCConfigurationList;
			buildConfigurations = (
				196790FF1F4ADD71003BACC5 /* Debug */,
				196791001F4ADD71003BACC5 /* Release */,
			);
			defaultConfigurationIsVisible = 0;
			defaultConfigurationName = Release;
		};
/* End XCConfigurationList section */
	};
	rootObject = 196790C81F4ADD70003BACC5 /* Project object */;
}
